PODS:
  - Alamofire (5.4.3)
  - AWSAuthCore (2.26.2):
    - AWSCore (= 2.26.2)
  - AWSCognitoIdentityProvider (2.26.2):
    - AWSCognitoIdentityProviderASF (= 2.26.2)
    - AWSCore (= 2.26.2)
  - AWSCognitoIdentityProviderASF (2.26.2)
  - AWSCore (2.26.2)
  - AWSMobileClient (2.26.2):
    - AWSAuthCore (= 2.26.2)
    - AWSCognitoIdentityProvider (= 2.26.2)
    - AWSCognitoIdentityProviderASF (= 2.26.2)
    - AWSCore (= 2.26.2)
  - AWSPinpoint (2.26.2):
    - AWSCore (= 2.26.2)
  - AWSS3 (2.26.2):
    - AWSCore (= 2.26.2)
  - SwiftyJSON (4.3.0)

DEPENDENCIES:
  - Alamofire (~> 5.4)
  - AWSMobileClient
  - AWSPinpoint
  - AWSS3
  - SwiftyJSON (~> 4.0)

SPEC REPOS:
  trunk:
    - Alamofire
    - AWSAuthCore
    - AWSCognitoIdentityProvider
    - AWSCognitoIdentityProviderASF
    - AWSCore
    - AWSMobileClient
    - AWSPinpoint
    - AWSS3
    - SwiftyJSON

SPEC CHECKSUMS:
  Alamofire: e447a2774a40c996748296fa2c55112fdbbc42f9
  AWSAuthCore: c785a33af10a45aab6456a5fa7150f759dad836f
  AWSCognitoIdentityProvider: 0bea89a822d7dd76c7dc62212561a1074dee0031
  AWSCognitoIdentityProviderASF: 425d7f40fb6a520f8437a5f8b991215239ec620b
  AWSCore: dd7f74ab3f354aad435f83afdbfac91bcb7d44c2
  AWSMobileClient: fc20c58eaad166b3d2a569ef9ce691d6fed0c5dd
  AWSPinpoint: 4b9a9ca37cc82e56050b9f0b93451b5d99d5b110
  AWSS3: cad52255a6cfa4ef7bd1abc95a726d8670f141c8
  SwiftyJSON: 6faa0040f8b59dead0ee07436cbf76b73c08fd08

PODFILE CHECKSUM: a913f1816cf75f1e497dfde4bf04e601144431eb

COCOAPODS: 1.11.0
