// !$*UTF8*$!
{
	archiveVersion = 1;
	classes = {
	};
	objectVersion = 55;
	objects = {

/* Begin PBXBuildFile section */
		4C1E34372724B5E70021E582 /* AppDelegate.swift in Sources */ = {isa = PBXBuildFile; fileRef = 4C1E34362724B5E70021E582 /* AppDelegate.swift */; };
		4C1E34392724B5E70021E582 /* SceneDelegate.swift in Sources */ = {isa = PBXBuildFile; fileRef = 4C1E34382724B5E70021E582 /* SceneDelegate.swift */; };
		4C1E343B2724B5E70021E582 /* ViewController.swift in Sources */ = {isa = PBXBuildFile; fileRef = 4C1E343A2724B5E70021E582 /* ViewController.swift */; };
		4C1E343E2724B5E70021E582 /* Main.storyboard in Resources */ = {isa = PBXBuildFile; fileRef = 4C1E343C2724B5E70021E582 /* Main.storyboard */; };
		4C1E34402724B5EA0021E582 /* Assets.xcassets in Resources */ = {isa = PBXBuildFile; fileRef = 4C1E343F2724B5EA0021E582 /* Assets.xcassets */; };
		4C1E34432724B5EA0021E582 /* LaunchScreen.storyboard in Resources */ = {isa = PBXBuildFile; fileRef = 4C1E34412724B5EA0021E582 /* LaunchScreen.storyboard */; };
		4C1E344B2724C1180021E582 /* TextInputViewController.swift in Sources */ = {isa = PBXBuildFile; fileRef = 4C1E344A2724C1180021E582 /* TextInputViewController.swift */; };
		4C1E344D2724C12D0021E582 /* ImageInputViewController.swift in Sources */ = {isa = PBXBuildFile; fileRef = 4C1E344C2724C12D0021E582 /* ImageInputViewController.swift */; };
		4C1E344F2724C9960021E582 /* APIManager.swift in Sources */ = {isa = PBXBuildFile; fileRef = 4C1E344E2724C9960021E582 /* APIManager.swift */; };
		4C1E345C2724F3F40021E582 /* AWSS3Manager.swift in Sources */ = {isa = PBXBuildFile; fileRef = 4C1E345B2724F3F40021E582 /* AWSS3Manager.swift */; };
		4C1E345E27250DBB0021E582 /* Constants.swift in Sources */ = {isa = PBXBuildFile; fileRef = 4C1E345D27250DBB0021E582 /* Constants.swift */; };
		4C1E3460272511080021E582 /* WordDefinitionPair.swift in Sources */ = {isa = PBXBuildFile; fileRef = 4C1E345F272511080021E582 /* WordDefinitionPair.swift */; };
		76FB73712724F682007A7D61 /* TemplateTableViewCell.swift in Sources */ = {isa = PBXBuildFile; fileRef = 76FB736F2724F682007A7D61 /* TemplateTableViewCell.swift */; };
		76FB73722724F682007A7D61 /* TemplateTableViewCell.xib in Resources */ = {isa = PBXBuildFile; fileRef = 76FB73702724F682007A7D61 /* TemplateTableViewCell.xib */; };
		76FB737427251BCF007A7D61 /* DefinitionsViewController.swift in Sources */ = {isa = PBXBuildFile; fileRef = 76FB737327251BCF007A7D61 /* DefinitionsViewController.swift */; };
		AE660F9B53BFEC325092C31C /* Pods_SlangTranslator.framework in Frameworks */ = {isa = PBXBuildFile; fileRef = 63471A4CE97CDF8DC4227BAC /* Pods_SlangTranslator.framework */; };
/* End PBXBuildFile section */

/* Begin PBXFileReference section */
		4C1E34332724B5E70021E582 /* SlangTranslator.app */ = {isa = PBXFileReference; explicitFileType = wrapper.application; includeInIndex = 0; path = SlangTranslator.app; sourceTree = BUILT_PRODUCTS_DIR; };
		4C1E34362724B5E70021E582 /* AppDelegate.swift */ = {isa = PBXFileReference; lastKnownFileType = sourcecode.swift; path = AppDelegate.swift; sourceTree = "<group>"; };
		4C1E34382724B5E70021E582 /* SceneDelegate.swift */ = {isa = PBXFileReference; lastKnownFileType = sourcecode.swift; path = SceneDelegate.swift; sourceTree = "<group>"; };
		4C1E343A2724B5E70021E582 /* ViewController.swift */ = {isa = PBXFileReference; lastKnownFileType = sourcecode.swift; path = ViewController.swift; sourceTree = "<group>"; };
		4C1E343D2724B5E70021E582 /* Base */ = {isa = PBXFileReference; lastKnownFileType = file.storyboard; name = Base; path = Base.lproj/Main.storyboard; sourceTree = "<group>"; };
		4C1E343F2724B5EA0021E582 /* Assets.xcassets */ = {isa = PBXFileReference; lastKnownFileType = folder.assetcatalog; path = Assets.xcassets; sourceTree = "<group>"; };
		4C1E34422724B5EA0021E582 /* Base */ = {isa = PBXFileReference; lastKnownFileType = file.storyboard; name = Base; path = Base.lproj/LaunchScreen.storyboard; sourceTree = "<group>"; };
		4C1E34442724B5EA0021E582 /* Info.plist */ = {isa = PBXFileReference; lastKnownFileType = text.plist.xml; path = Info.plist; sourceTree = "<group>"; };
		4C1E344A2724C1180021E582 /* TextInputViewController.swift */ = {isa = PBXFileReference; lastKnownFileType = sourcecode.swift; path = TextInputViewController.swift; sourceTree = "<group>"; };
		4C1E344C2724C12D0021E582 /* ImageInputViewController.swift */ = {isa = PBXFileReference; lastKnownFileType = sourcecode.swift; path = ImageInputViewController.swift; sourceTree = "<group>"; };
		4C1E344E2724C9960021E582 /* APIManager.swift */ = {isa = PBXFileReference; lastKnownFileType = sourcecode.swift; path = APIManager.swift; sourceTree = "<group>"; };
		4C1E345B2724F3F40021E582 /* AWSS3Manager.swift */ = {isa = PBXFileReference; lastKnownFileType = sourcecode.swift; path = AWSS3Manager.swift; sourceTree = "<group>"; };
		4C1E345D27250DBB0021E582 /* Constants.swift */ = {isa = PBXFileReference; lastKnownFileType = sourcecode.swift; path = Constants.swift; sourceTree = "<group>"; };
		4C1E345F272511080021E582 /* WordDefinitionPair.swift */ = {isa = PBXFileReference; lastKnownFileType = sourcecode.swift; path = WordDefinitionPair.swift; sourceTree = "<group>"; };
		63471A4CE97CDF8DC4227BAC /* Pods_SlangTranslator.framework */ = {isa = PBXFileReference; explicitFileType = wrapper.framework; includeInIndex = 0; path = Pods_SlangTranslator.framework; sourceTree = BUILT_PRODUCTS_DIR; };
		76FB736F2724F682007A7D61 /* TemplateTableViewCell.swift */ = {isa = PBXFileReference; lastKnownFileType = sourcecode.swift; path = TemplateTableViewCell.swift; sourceTree = "<group>"; };
		76FB73702724F682007A7D61 /* TemplateTableViewCell.xib */ = {isa = PBXFileReference; lastKnownFileType = file.xib; path = TemplateTableViewCell.xib; sourceTree = "<group>"; };
		76FB737327251BCF007A7D61 /* DefinitionsViewController.swift */ = {isa = PBXFileReference; lastKnownFileType = sourcecode.swift; path = DefinitionsViewController.swift; sourceTree = "<group>"; };
		B74302617FBCF221AD22A67D /* Pods-SlangTranslator.debug.xcconfig */ = {isa = PBXFileReference; includeInIndex = 1; lastKnownFileType = text.xcconfig; name = "Pods-SlangTranslator.debug.xcconfig"; path = "Target Support Files/Pods-SlangTranslator/Pods-SlangTranslator.debug.xcconfig"; sourceTree = "<group>"; };
		D5E3FDA9ADC3B8E68E909BE0 /* Pods-SlangTranslator.release.xcconfig */ = {isa = PBXFileReference; includeInIndex = 1; lastKnownFileType = text.xcconfig; name = "Pods-SlangTranslator.release.xcconfig"; path = "Target Support Files/Pods-SlangTranslator/Pods-SlangTranslator.release.xcconfig"; sourceTree = "<group>"; };
/* End PBXFileReference section */

/* Begin PBXFrameworksBuildPhase section */
		4C1E34302724B5E70021E582 /* Frameworks */ = {
			isa = PBXFrameworksBuildPhase;
			buildActionMask = 2147483647;
			files = (
				AE660F9B53BFEC325092C31C /* Pods_SlangTranslator.framework in Frameworks */,
			);
			runOnlyForDeploymentPostprocessing = 0;
		};
/* End PBXFrameworksBuildPhase section */

/* Begin PBXGroup section */
		4C1E342A2724B5E70021E582 = {
			isa = PBXGroup;
			children = (
				4C1E34352724B5E70021E582 /* SlangTranslator */,
				4C1E34342724B5E70021E582 /* Products */,
				D4B57BAC2068F68565B5F701 /* Pods */,
				534392AF5A0EA815D9382CEF /* Frameworks */,
			);
			sourceTree = "<group>";
		};
		4C1E34342724B5E70021E582 /* Products */ = {
			isa = PBXGroup;
			children = (
				4C1E34332724B5E70021E582 /* SlangTranslator.app */,
			);
			name = Products;
			sourceTree = "<group>";
		};
		4C1E34352724B5E70021E582 /* SlangTranslator */ = {
			isa = PBXGroup;
			children = (
				4C1E34362724B5E70021E582 /* AppDelegate.swift */,
				4C1E34382724B5E70021E582 /* SceneDelegate.swift */,
				4C1E343A2724B5E70021E582 /* ViewController.swift */,
				4C1E343C2724B5E70021E582 /* Main.storyboard */,
				4C1E343F2724B5EA0021E582 /* Assets.xcassets */,
				4C1E34412724B5EA0021E582 /* LaunchScreen.storyboard */,
				4C1E34442724B5EA0021E582 /* Info.plist */,
				4C1E344A2724C1180021E582 /* TextInputViewController.swift */,
				4C1E344C2724C12D0021E582 /* ImageInputViewController.swift */,
				4C1E344E2724C9960021E582 /* APIManager.swift */,
				76FB736F2724F682007A7D61 /* TemplateTableViewCell.swift */,
				76FB73702724F682007A7D61 /* TemplateTableViewCell.xib */,
				4C1E345B2724F3F40021E582 /* AWSS3Manager.swift */,
				4C1E345D27250DBB0021E582 /* Constants.swift */,
				4C1E345F272511080021E582 /* WordDefinitionPair.swift */,
				76FB737327251BCF007A7D61 /* DefinitionsViewController.swift */,
			);
			path = SlangTranslator;
			sourceTree = "<group>";
		};
		534392AF5A0EA815D9382CEF /* Frameworks */ = {
			isa = PBXGroup;
			children = (
				63471A4CE97CDF8DC4227BAC /* Pods_SlangTranslator.framework */,
			);
			name = Frameworks;
			sourceTree = "<group>";
		};
		D4B57BAC2068F68565B5F701 /* Pods */ = {
			isa = PBXGroup;
			children = (
				B74302617FBCF221AD22A67D /* Pods-SlangTranslator.debug.xcconfig */,
				D5E3FDA9ADC3B8E68E909BE0 /* Pods-SlangTranslator.release.xcconfig */,
			);
			path = Pods;
			sourceTree = "<group>";
		};
/* End PBXGroup section */

/* Begin PBXNativeTarget section */
		4C1E34322724B5E70021E582 /* SlangTranslator */ = {
			isa = PBXNativeTarget;
			buildConfigurationList = 4C1E34472724B5EA0021E582 /* Build configuration list for PBXNativeTarget "SlangTranslator" */;
			buildPhases = (
				0C4ED34405D5636C89D4BF1C /* [CP] Check Pods Manifest.lock */,
				4C1E342F2724B5E70021E582 /* Sources */,
				4C1E34302724B5E70021E582 /* Frameworks */,
				4C1E34312724B5E70021E582 /* Resources */,
				6D5CCBF83FDCDDED41242D79 /* [CP] Embed Pods Frameworks */,
			);
			buildRules = (
			);
			dependencies = (
			);
			name = SlangTranslator;
			packageProductDependencies = (
			);
			productName = SlangTranslator;
			productReference = 4C1E34332724B5E70021E582 /* SlangTranslator.app */;
			productType = "com.apple.product-type.application";
		};
/* End PBXNativeTarget section */

/* Begin PBXProject section */
		4C1E342B2724B5E70021E582 /* Project object */ = {
			isa = PBXProject;
			attributes = {
				BuildIndependentTargetsInParallel = 1;
				LastSwiftUpdateCheck = 1300;
				LastUpgradeCheck = 1300;
				TargetAttributes = {
					4C1E34322724B5E70021E582 = {
						CreatedOnToolsVersion = 13.0;
					};
				};
			};
			buildConfigurationList = 4C1E342E2724B5E70021E582 /* Build configuration list for PBXProject "SlangTranslator" */;
			compatibilityVersion = "Xcode 13.0";
			developmentRegion = en;
			hasScannedForEncodings = 0;
			knownRegions = (
				en,
				Base,
			);
			mainGroup = 4C1E342A2724B5E70021E582;
			packageReferences = (
			);
			productRefGroup = 4C1E34342724B5E70021E582 /* Products */;
			projectDirPath = "";
			projectRoot = "";
			targets = (
				4C1E34322724B5E70021E582 /* SlangTranslator */,
			);
		};
/* End PBXProject section */

/* Begin PBXResourcesBuildPhase section */
		4C1E34312724B5E70021E582 /* Resources */ = {
			isa = PBXResourcesBuildPhase;
			buildActionMask = 2147483647;
			files = (
				4C1E34432724B5EA0021E582 /* LaunchScreen.storyboard in Resources */,
				76FB73722724F682007A7D61 /* TemplateTableViewCell.xib in Resources */,
				4C1E34402724B5EA0021E582 /* Assets.xcassets in Resources */,
				4C1E343E2724B5E70021E582 /* Main.storyboard in Resources */,
			);
			runOnlyForDeploymentPostprocessing = 0;
		};
/* End PBXResourcesBuildPhase section */

/* Begin PBXShellScriptBuildPhase section */
		0C4ED34405D5636C89D4BF1C /* [CP] Check Pods Manifest.lock */ = {
			isa = PBXShellScriptBuildPhase;
			buildActionMask = 2147483647;
			files = (
			);
			inputFileListPaths = (
			);
			inputPaths = (
				"${PODS_PODFILE_DIR_PATH}/Podfile.lock",
				"${PODS_ROOT}/Manifest.lock",
			);
			name = "[CP] Check Pods Manifest.lock";
			outputFileListPaths = (
			);
			outputPaths = (
				"$(DERIVED_FILE_DIR)/Pods-SlangTranslator-checkManifestLockResult.txt",
			);
			runOnlyForDeploymentPostprocessing = 0;
			shellPath = /bin/sh;
			shellScript = "diff \"${PODS_PODFILE_DIR_PATH}/Podfile.lock\" \"${PODS_ROOT}/Manifest.lock\" > /dev/null\nif [ $? != 0 ] ; then\n    # print error to STDERR\n    echo \"error: The sandbox is not in sync with the Podfile.lock. Run 'pod install' or update your CocoaPods installation.\" >&2\n    exit 1\nfi\n# This output is used by Xcode 'outputs' to avoid re-running this script phase.\necho \"SUCCESS\" > \"${SCRIPT_OUTPUT_FILE_0}\"\n";
			showEnvVarsInLog = 0;
		};
		6D5CCBF83FDCDDED41242D79 /* [CP] Embed Pods Frameworks */ = {
			isa = PBXShellScriptBuildPhase;
			buildActionMask = 2147483647;
			files = (
			);
			inputFileListPaths = (
				"${PODS_ROOT}/Target Support Files/Pods-SlangTranslator/Pods-SlangTranslator-frameworks-${CONFIGURATION}-input-files.xcfilelist",
			);
			name = "[CP] Embed Pods Frameworks";
			outputFileListPaths = (
				"${PODS_ROOT}/Target Support Files/Pods-SlangTranslator/Pods-SlangTranslator-frameworks-${CONFIGURATION}-output-files.xcfilelist",
			);
			runOnlyForDeploymentPostprocessing = 0;
			shellPath = /bin/sh;
			shellScript = "\"${PODS_ROOT}/Target Support Files/Pods-SlangTranslator/Pods-SlangTranslator-frameworks.sh\"\n";
			showEnvVarsInLog = 0;
		};
/* End PBXShellScriptBuildPhase section */

/* Begin PBXSourcesBuildPhase section */
		4C1E342F2724B5E70021E582 /* Sources */ = {
			isa = PBXSourcesBuildPhase;
			buildActionMask = 2147483647;
			files = (
				4C1E344F2724C9960021E582 /* APIManager.swift in Sources */,
				4C1E344B2724C1180021E582 /* TextInputViewController.swift in Sources */,
				4C1E343B2724B5E70021E582 /* ViewController.swift in Sources */,
				4C1E34372724B5E70021E582 /* AppDelegate.swift in Sources */,
				76FB737427251BCF007A7D61 /* DefinitionsViewController.swift in Sources */,
				4C1E34392724B5E70021E582 /* SceneDelegate.swift in Sources */,
				4C1E3460272511080021E582 /* WordDefinitionPair.swift in Sources */,
				4C1E344D2724C12D0021E582 /* ImageInputViewController.swift in Sources */,
				76FB73712724F682007A7D61 /* TemplateTableViewCell.swift in Sources */,
				4C1E345C2724F3F40021E582 /* AWSS3Manager.swift in Sources */,
				4C1E345E27250DBB0021E582 /* Constants.swift in Sources */,
			);
			runOnlyForDeploymentPostprocessing = 0;
		};
/* End PBXSourcesBuildPhase section */

/* Begin PBXVariantGroup section */
		4C1E343C2724B5E70021E582 /* Main.storyboard */ = {
			isa = PBXVariantGroup;
			children = (
				4C1E343D2724B5E70021E582 /* Base */,
			);
			name = Main.storyboard;
			sourceTree = "<group>";
		};
		4C1E34412724B5EA0021E582 /* LaunchScreen.storyboard */ = {
			isa = PBXVariantGroup;
			children = (
				4C1E34422724B5EA0021E582 /* Base */,
			);
			name = LaunchScreen.storyboard;
			sourceTree = "<group>";
		};
/* End PBXVariantGroup section */

/* Begin XCBuildConfiguration section */
		4C1E34452724B5EA0021E582 /* Debug */ = {
			isa = XCBuildConfiguration;
			buildSettings = {
				ALWAYS_SEARCH_USER_PATHS = NO;
				CLANG_ANALYZER_NONNULL = YES;
				CLANG_ANALYZER_NUMBER_OBJECT_CONVERSION = YES_AGGRESSIVE;
				CLANG_CXX_LANGUAGE_STANDARD = "gnu++17";
				CLANG_CXX_LIBRARY = "libc++";
				CLANG_ENABLE_MODULES = YES;
				CLANG_ENABLE_OBJC_ARC = YES;
				CLANG_ENABLE_OBJC_WEAK = YES;
				CLANG_WARN_BLOCK_CAPTURE_AUTORELEASING = YES;
				CLANG_WARN_BOOL_CONVERSION = YES;
				CLANG_WARN_COMMA = YES;
				CLANG_WARN_CONSTANT_CONVERSION = YES;
				CLANG_WARN_DEPRECATED_OBJC_IMPLEMENTATIONS = YES;
				CLANG_WARN_DIRECT_OBJC_ISA_USAGE = YES_ERROR;
				CLANG_WARN_DOCUMENTATION_COMMENTS = YES;
				CLANG_WARN_EMPTY_BODY = YES;
				CLANG_WARN_ENUM_CONVERSION = YES;
				CLANG_WARN_INFINITE_RECURSION = YES;
				CLANG_WARN_INT_CONVERSION = YES;
				CLANG_WARN_NON_LITERAL_NULL_CONVERSION = YES;
				CLANG_WARN_OBJC_IMPLICIT_RETAIN_SELF = YES;
				CLANG_WARN_OBJC_LITERAL_CONVERSION = YES;
				CLANG_WARN_OBJC_ROOT_CLASS = YES_ERROR;
				CLANG_WARN_QUOTED_INCLUDE_IN_FRAMEWORK_HEADER = YES;
				CLANG_WARN_RANGE_LOOP_ANALYSIS = YES;
				CLANG_WARN_STRICT_PROTOTYPES = YES;
				CLANG_WARN_SUSPICIOUS_MOVE = YES;
				CLANG_WARN_UNGUARDED_AVAILABILITY = YES_AGGRESSIVE;
				CLANG_WARN_UNREACHABLE_CODE = YES;
				CLANG_WARN__DUPLICATE_METHOD_MATCH = YES;
				COPY_PHASE_STRIP = NO;
				DEBUG_INFORMATION_FORMAT = dwarf;
				ENABLE_STRICT_OBJC_MSGSEND = YES;
				ENABLE_TESTABILITY = YES;
				GCC_C_LANGUAGE_STANDARD = gnu11;
				GCC_DYNAMIC_NO_PIC = NO;
				GCC_NO_COMMON_BLOCKS = YES;
				GCC_OPTIMIZATION_LEVEL = 0;
				GCC_PREPROCESSOR_DEFINITIONS = (
					"DEBUG=1",
					"$(inherited)",
				);
				GCC_WARN_64_TO_32_BIT_CONVERSION = YES;
				GCC_WARN_ABOUT_RETURN_TYPE = YES_ERROR;
				GCC_WARN_UNDECLARED_SELECTOR = YES;
				GCC_WARN_UNINITIALIZED_AUTOS = YES_AGGRESSIVE;
				GCC_WARN_UNUSED_FUNCTION = YES;
				GCC_WARN_UNUSED_VARIABLE = YES;
				IPHONEOS_DEPLOYMENT_TARGET = 15.0;
				MTL_ENABLE_DEBUG_INFO = INCLUDE_SOURCE;
				MTL_FAST_MATH = YES;
				ONLY_ACTIVE_ARCH = YES;
				SDKROOT = iphoneos;
				SWIFT_ACTIVE_COMPILATION_CONDITIONS = DEBUG;
				SWIFT_OPTIMIZATION_LEVEL = "-Onone";
			};
			name = Debug;
		};
		4C1E34462724B5EA0021E582 /* Release */ = {
			isa = XCBuildConfiguration;
			buildSettings = {
				ALWAYS_SEARCH_USER_PATHS = NO;
				CLANG_ANALYZER_NONNULL = YES;
				CLANG_ANALYZER_NUMBER_OBJECT_CONVERSION = YES_AGGRESSIVE;
				CLANG_CXX_LANGUAGE_STANDARD = "gnu++17";
				CLANG_CXX_LIBRARY = "libc++";
				CLANG_ENABLE_MODULES = YES;
				CLANG_ENABLE_OBJC_ARC = YES;
				CLANG_ENABLE_OBJC_WEAK = YES;
				CLANG_WARN_BLOCK_CAPTURE_AUTORELEASING = YES;
				CLANG_WARN_BOOL_CONVERSION = YES;
				CLANG_WARN_COMMA = YES;
				CLANG_WARN_CONSTANT_CONVERSION = YES;
				CLANG_WARN_DEPRECATED_OBJC_IMPLEMENTATIONS = YES;
				CLANG_WARN_DIRECT_OBJC_ISA_USAGE = YES_ERROR;
				CLANG_WARN_DOCUMENTATION_COMMENTS = YES;
				CLANG_WARN_EMPTY_BODY = YES;
				CLANG_WARN_ENUM_CONVERSION = YES;
				CLANG_WARN_INFINITE_RECURSION = YES;
				CLANG_WARN_INT_CONVERSION = YES;
				CLANG_WARN_NON_LITERAL_NULL_CONVERSION = YES;
				CLANG_WARN_OBJC_IMPLICIT_RETAIN_SELF = YES;
				CLANG_WARN_OBJC_LITERAL_CONVERSION = YES;
				CLANG_WARN_OBJC_ROOT_CLASS = YES_ERROR;
				CLANG_WARN_QUOTED_INCLUDE_IN_FRAMEWORK_HEADER = YES;
				CLANG_WARN_RANGE_LOOP_ANALYSIS = YES;
				CLANG_WARN_STRICT_PROTOTYPES = YES;
				CLANG_WARN_SUSPICIOUS_MOVE = YES;
				CLANG_WARN_UNGUARDED_AVAILABILITY = YES_AGGRESSIVE;
				CLANG_WARN_UNREACHABLE_CODE = YES;
				CLANG_WARN__DUPLICATE_METHOD_MATCH = YES;
				COPY_PHASE_STRIP = NO;
				DEBUG_INFORMATION_FORMAT = "dwarf-with-dsym";
				ENABLE_NS_ASSERTIONS = NO;
				ENABLE_STRICT_OBJC_MSGSEND = YES;
				GCC_C_LANGUAGE_STANDARD = gnu11;
				GCC_NO_COMMON_BLOCKS = YES;
				GCC_WARN_64_TO_32_BIT_CONVERSION = YES;
				GCC_WARN_ABOUT_RETURN_TYPE = YES_ERROR;
				GCC_WARN_UNDECLARED_SELECTOR = YES;
				GCC_WARN_UNINITIALIZED_AUTOS = YES_AGGRESSIVE;
				GCC_WARN_UNUSED_FUNCTION = YES;
				GCC_WARN_UNUSED_VARIABLE = YES;
				IPHONEOS_DEPLOYMENT_TARGET = 15.0;
				MTL_ENABLE_DEBUG_INFO = NO;
				MTL_FAST_MATH = YES;
				SDKROOT = iphoneos;
				SWIFT_COMPILATION_MODE = wholemodule;
				SWIFT_OPTIMIZATION_LEVEL = "-O";
				VALIDATE_PRODUCT = YES;
			};
			name = Release;
		};
		4C1E34482724B5EA0021E582 /* Debug */ = {
			isa = XCBuildConfiguration;
			baseConfigurationReference = B74302617FBCF221AD22A67D /* Pods-SlangTranslator.debug.xcconfig */;
			buildSettings = {
				ASSETCATALOG_COMPILER_APPICON_NAME = AppIcon;
				ASSETCATALOG_COMPILER_GLOBAL_ACCENT_COLOR_NAME = AccentColor;
				CODE_SIGN_STYLE = Automatic;
				CURRENT_PROJECT_VERSION = 1;
				DEVELOPMENT_TEAM = RBK8797X5P;
				GENERATE_INFOPLIST_FILE = YES;
				INFOPLIST_FILE = SlangTranslator/Info.plist;
				INFOPLIST_KEY_UIApplicationSupportsIndirectInputEvents = YES;
				INFOPLIST_KEY_UILaunchStoryboardName = LaunchScreen;
				INFOPLIST_KEY_UIMainStoryboardFile = Main;
				INFOPLIST_KEY_UISupportedInterfaceOrientations_iPad = "UIInterfaceOrientationPortrait UIInterfaceOrientationPortraitUpsideDown UIInterfaceOrientationLandscapeLeft UIInterfaceOrientationLandscapeRight";
				INFOPLIST_KEY_UISupportedInterfaceOrientations_iPhone = "UIInterfaceOrientationPortrait UIInterfaceOrientationLandscapeLeft UIInterfaceOrientationLandscapeRight";
				LD_RUNPATH_SEARCH_PATHS = (
					"$(inherited)",
					"@executable_path/Frameworks",
				);
				MARKETING_VERSION = 1.0;
				PRODUCT_BUNDLE_IDENTIFIER = com.edisonooi.SlangTranslator;
				PRODUCT_NAME = "$(TARGET_NAME)";
				SWIFT_EMIT_LOC_STRINGS = YES;
				SWIFT_VERSION = 5.0;
				TARGETED_DEVICE_FAMILY = "1,2";
			};
			name = Debug;
		};
		4C1E34492724B5EA0021E582 /* Release */ = {
			isa = XCBuildConfiguration;
			baseConfigurationReference = D5E3FDA9ADC3B8E68E909BE0 /* Pods-SlangTranslator.release.xcconfig */;
			buildSettings = {
				ASSETCATALOG_COMPILER_APPICON_NAME = AppIcon;
				ASSETCATALOG_COMPILER_GLOBAL_ACCENT_COLOR_NAME = AccentColor;
				CODE_SIGN_STYLE = Automatic;
				CURRENT_PROJECT_VERSION = 1;
				DEVELOPMENT_TEAM = RBK8797X5P;
				GENERATE_INFOPLIST_FILE = YES;
				INFOPLIST_FILE = SlangTranslator/Info.plist;
				INFOPLIST_KEY_UIApplicationSupportsIndirectInputEvents = YES;
				INFOPLIST_KEY_UILaunchStoryboardName = LaunchScreen;
				INFOPLIST_KEY_UIMainStoryboardFile = Main;
				INFOPLIST_KEY_UISupportedInterfaceOrientations_iPad = "UIInterfaceOrientationPortrait UIInterfaceOrientationPortraitUpsideDown UIInterfaceOrientationLandscapeLeft UIInterfaceOrientationLandscapeRight";
				INFOPLIST_KEY_UISupportedInterfaceOrientations_iPhone = "UIInterfaceOrientationPortrait UIInterfaceOrientationLandscapeLeft UIInterfaceOrientationLandscapeRight";
				LD_RUNPATH_SEARCH_PATHS = (
					"$(inherited)",
					"@executable_path/Frameworks",
				);
				MARKETING_VERSION = 1.0;
				PRODUCT_BUNDLE_IDENTIFIER = com.edisonooi.SlangTranslator;
				PRODUCT_NAME = "$(TARGET_NAME)";
				SWIFT_EMIT_LOC_STRINGS = YES;
				SWIFT_VERSION = 5.0;
				TARGETED_DEVICE_FAMILY = "1,2";
			};
			name = Release;
		};
/* End XCBuildConfiguration section */

/* Begin XCConfigurationList section */
		4C1E342E2724B5E70021E582 /* Build configuration list for PBXProject "SlangTranslator" */ = {
			isa = XCConfigurationList;
			buildConfigurations = (
				4C1E34452724B5EA0021E582 /* Debug */,
				4C1E34462724B5EA0021E582 /* Release */,
			);
			defaultConfigurationIsVisible = 0;
			defaultConfigurationName = Release;
		};
		4C1E34472724B5EA0021E582 /* Build configuration list for PBXNativeTarget "SlangTranslator" */ = {
			isa = XCConfigurationList;
			buildConfigurations = (
				4C1E34482724B5EA0021E582 /* Debug */,
				4C1E34492724B5EA0021E582 /* Release */,
			);
			defaultConfigurationIsVisible = 0;
			defaultConfigurationName = Release;
		};
/* End XCConfigurationList section */
	};
	rootObject = 4C1E342B2724B5E70021E582 /* Project object */;
}
